
Microsoft Visual Studio Solution File, Format Version 12.00
# Visual Studio Version 17
VisualStudioVersion = 17.8.34330.188
MinimumVisualStudioVersion = 10.0.40219.1
Project("{FAE04EC0-301F-11D3-BF4B-00C04F79EFBC}") = "FinalTaskLearningCenter", "FinalTaskLearningCenter\FinalTaskLearningCenter.csproj", "{AF4FFA62-B07C-43B5-B70B-FBF33B397ADA}"
EndProject
Global
	GlobalSection(SolutionConfigurationPlatforms) = preSolution
		Debug|Any CPU = Debug|Any CPU
		Release|Any CPU = Release|Any CPU
	EndGlobalSection
	GlobalSection(ProjectConfigurationPlatforms) = postSolution
		{AF4FFA62-B07C-43B5-B70B-FBF33B397ADA}.Debug|Any CPU.ActiveCfg = Debug|Any CPU
		{AF4FFA62-B07C-43B5-B70B-FBF33B397ADA}.Debug|Any CPU.Build.0 = Debug|Any CPU
		{AF4FFA62-B07C-43B5-B70B-FBF33B397ADA}.Release|Any CPU.ActiveCfg = Release|Any CPU
		{AF4FFA62-B07C-43B5-B70B-FBF33B397ADA}.Release|Any CPU.Build.0 = Release|Any CPU
	EndGlobalSection
	GlobalSection(SolutionProperties) = preSolution
		HideSolutionNode = FALSE
	EndGlobalSection
	GlobalSection(ExtensibilityGlobals) = postSolution
		SolutionGuid = {C1C049EB-76C3-498C-9BF0-D0E3C7C183B8}
	EndGlobalSection
EndGlobal
